
Microsoft Visual Studio Solution File, Format Version 12.00
# Visual Studio 15
VisualStudioVersion = 15.0.28307.902
MinimumVisualStudioVersion = 10.0.40219.1
Project("{FAE04EC0-301F-11D3-BF4B-00C04F79EFBC}") = "ExercicioListaV2", "ExercicioListaV2\ExercicioListaV2.csproj", "{AFC967AE-FFE5-4CA7-8090-443BBF38456C}"
EndProject
Global
	GlobalSection(SolutionConfigurationPlatforms) = preSolution
		Debug|Any CPU = Debug|Any CPU
		Release|Any CPU = Release|Any CPU
	EndGlobalSection
	GlobalSection(ProjectConfigurationPlatforms) = postSolution
		{AFC967AE-FFE5-4CA7-8090-443BBF38456C}.Debug|Any CPU.ActiveCfg = Debug|Any CPU
		{AFC967AE-FFE5-4CA7-8090-443BBF38456C}.Debug|Any CPU.Build.0 = Debug|Any CPU
		{AFC967AE-FFE5-4CA7-8090-443BBF38456C}.Release|Any CPU.ActiveCfg = Release|Any CPU
		{AFC967AE-FFE5-4CA7-8090-443BBF38456C}.Release|Any CPU.Build.0 = Release|Any CPU
	EndGlobalSection
	GlobalSection(SolutionProperties) = preSolution
		HideSolutionNode = FALSE
	EndGlobalSection
	GlobalSection(ExtensibilityGlobals) = postSolution
		SolutionGuid = {7A7A6492-4706-45B7-8BC7-B323761F4539}
	EndGlobalSection
EndGlobal
